
Microsoft Visual Studio Solution File, Format Version 12.00
# Visual Studio Version 17
VisualStudioVersion = 17.14.36414.22
MinimumVisualStudioVersion = 10.0.40219.1
Project("{FAE04EC0-301F-11D3-BF4B-00C04F79EFBC}") = "SKMCPClient", "SKVersion2\SKMCPClient.csproj", "{4AFC1196-573A-40D3-9F3B-AC1996DEFFF8}"
EndProject
Project("{FAE04EC0-301F-11D3-BF4B-00C04F79EFBC}") = "LocalMCPServer", "..\MCP\LocalMCPServer\LocalMCPServer.csproj", "{06641A82-6C0C-D94B-1CAC-7D904917EB9D}"
EndProject
Project("{2150E333-8FDC-42A3-9474-1A3956D46DE8}") = "Solution Items", "Solution Items", "{8EC462FD-D22E-90A8-E5CE-7E832BA40C5D}"
	ProjectSection(SolutionItems) = preProject
		Commands.txt = Commands.txt
	EndProjectSection
EndProject
Global
	GlobalSection(SolutionConfigurationPlatforms) = preSolution
		Debug|Any CPU = Debug|Any CPU
		Release|Any CPU = Release|Any CPU
	EndGlobalSection
	GlobalSection(ProjectConfigurationPlatforms) = postSolution
		{4AFC1196-573A-40D3-9F3B-AC1996DEFFF8}.Debug|Any CPU.ActiveCfg = Debug|Any CPU
		{4AFC1196-573A-40D3-9F3B-AC1996DEFFF8}.Debug|Any CPU.Build.0 = Debug|Any CPU
		{4AFC1196-573A-40D3-9F3B-AC1996DEFFF8}.Release|Any CPU.ActiveCfg = Release|Any CPU
		{4AFC1196-573A-40D3-9F3B-AC1996DEFFF8}.Release|Any CPU.Build.0 = Release|Any CPU
		{06641A82-6C0C-D94B-1CAC-7D904917EB9D}.Debug|Any CPU.ActiveCfg = Debug|Any CPU
		{06641A82-6C0C-D94B-1CAC-7D904917EB9D}.Debug|Any CPU.Build.0 = Debug|Any CPU
		{06641A82-6C0C-D94B-1CAC-7D904917EB9D}.Release|Any CPU.ActiveCfg = Release|Any CPU
		{06641A82-6C0C-D94B-1CAC-7D904917EB9D}.Release|Any CPU.Build.0 = Release|Any CPU
	EndGlobalSection
	GlobalSection(SolutionProperties) = preSolution
		HideSolutionNode = FALSE
	EndGlobalSection
	GlobalSection(ExtensibilityGlobals) = postSolution
		SolutionGuid = {1E7D62C4-E1D8-4E01-96BD-4D879481526D}
	EndGlobalSection
EndGlobal
