
Microsoft Visual Studio Solution File, Format Version 12.00
# Visual Studio Version 17
VisualStudioVersion = 17.14.36414.22 d17.14
MinimumVisualStudioVersion = 10.0.40219.1
Project("{FAE04EC0-301F-11D3-BF4B-00C04F79EFBC}") = "LocalMCPServer", "LocalMCPServer.csproj", "{11736E1F-3539-4C4D-8D41-6F681313988D}"
EndProject
Global
	GlobalSection(SolutionConfigurationPlatforms) = preSolution
		Debug|Any CPU = Debug|Any CPU
		Release|Any CPU = Release|Any CPU
	EndGlobalSection
	GlobalSection(ProjectConfigurationPlatforms) = postSolution
		{11736E1F-3539-4C4D-8D41-6F681313988D}.Debug|Any CPU.ActiveCfg = Debug|Any CPU
		{11736E1F-3539-4C4D-8D41-6F681313988D}.Debug|Any CPU.Build.0 = Debug|Any CPU
		{11736E1F-3539-4C4D-8D41-6F681313988D}.Release|Any CPU.ActiveCfg = Release|Any CPU
		{11736E1F-3539-4C4D-8D41-6F681313988D}.Release|Any CPU.Build.0 = Release|Any CPU
	EndGlobalSection
	GlobalSection(SolutionProperties) = preSolution
		HideSolutionNode = FALSE
	EndGlobalSection
	GlobalSection(ExtensibilityGlobals) = postSolution
		SolutionGuid = {A0B7B39C-914B-4B1E-A161-F3457A435EFC}
	EndGlobalSection
EndGlobal
